
Microsoft Visual Studio Solution File, Format Version 12.00
# Visual Studio 15
VisualStudioVersion = 15.0.25920.0
MinimumVisualStudioVersion = 10.0.40219.1
Project("{2150E333-8FDC-42A3-9474-1A3956D46DE8}") = "src", "src", "{6C89E9AC-44ED-43FC-BE38-4C05BCCF0BE5}"
EndProject
Project("{2150E333-8FDC-42A3-9474-1A3956D46DE8}") = "tests", "tests", "{E1A7DB6F-56B5-4736-BA18-020573E4B4C7}"
EndProject
Project("{2150E333-8FDC-42A3-9474-1A3956D46DE8}") = "Solution Items", "Solution Items", "{DC34820D-0FF0-4C03-83A9-E0BB0243FB85}"
	ProjectSection(SolutionItems) = preProject
		build.cake = build.cake
		dng.Syndication.nuspec = dng.Syndication.nuspec
		readme.md = readme.md
	EndProjectSection
EndProject
Project("{FAE04EC0-301F-11D3-BF4B-00C04F79EFBC}") = "dng.Syndication", "src\dng.Syndication.csproj", "{79A52424-3761-42C7-9F81-C647617C5276}"
EndProject
Project("{FAE04EC0-301F-11D3-BF4B-00C04F79EFBC}") = "dng.Syndication.Tests", "tests\dng.Syndication.Tests.csproj", "{DE782B7F-3168-4D8B-9C4A-8AF1CBE2AC13}"
EndProject
Global
	GlobalSection(SolutionConfigurationPlatforms) = preSolution
		Debug|Any CPU = Debug|Any CPU
		Release|Any CPU = Release|Any CPU
		Release-4-5-2|Any CPU = Release-4-5-2|Any CPU
	EndGlobalSection
	GlobalSection(ProjectConfigurationPlatforms) = postSolution
		{79A52424-3761-42C7-9F81-C647617C5276}.Debug|Any CPU.ActiveCfg = Debug|Any CPU
		{79A52424-3761-42C7-9F81-C647617C5276}.Debug|Any CPU.Build.0 = Debug|Any CPU
		{79A52424-3761-42C7-9F81-C647617C5276}.Release|Any CPU.ActiveCfg = Release|Any CPU
		{79A52424-3761-42C7-9F81-C647617C5276}.Release|Any CPU.Build.0 = Release|Any CPU
		{79A52424-3761-42C7-9F81-C647617C5276}.Release-4-5-2|Any CPU.ActiveCfg = Release-4-5-2|Any CPU
		{79A52424-3761-42C7-9F81-C647617C5276}.Release-4-5-2|Any CPU.Build.0 = Release-4-5-2|Any CPU
		{DE782B7F-3168-4D8B-9C4A-8AF1CBE2AC13}.Debug|Any CPU.ActiveCfg = Debug|Any CPU
		{DE782B7F-3168-4D8B-9C4A-8AF1CBE2AC13}.Debug|Any CPU.Build.0 = Debug|Any CPU
		{DE782B7F-3168-4D8B-9C4A-8AF1CBE2AC13}.Release|Any CPU.ActiveCfg = Release|Any CPU
		{DE782B7F-3168-4D8B-9C4A-8AF1CBE2AC13}.Release|Any CPU.Build.0 = Release|Any CPU
		{DE782B7F-3168-4D8B-9C4A-8AF1CBE2AC13}.Release-4-5-2|Any CPU.ActiveCfg = Release-4-5-2|Any CPU
		{DE782B7F-3168-4D8B-9C4A-8AF1CBE2AC13}.Release-4-5-2|Any CPU.Build.0 = Release-4-5-2|Any CPU
	EndGlobalSection
	GlobalSection(SolutionProperties) = preSolution
		HideSolutionNode = FALSE
	EndGlobalSection
	GlobalSection(NestedProjects) = preSolution
		{79A52424-3761-42C7-9F81-C647617C5276} = {6C89E9AC-44ED-43FC-BE38-4C05BCCF0BE5}
		{DE782B7F-3168-4D8B-9C4A-8AF1CBE2AC13} = {E1A7DB6F-56B5-4736-BA18-020573E4B4C7}
	EndGlobalSection
EndGlobal
